
Microsoft Visual Studio Solution File, Format Version 12.00
# Visual Studio 15
VisualStudioVersion = 15.0.26228.9
MinimumVisualStudioVersion = 10.0.40219.1
Project("{2150E333-8FDC-42A3-9474-1A3956D46DE8}") = "packages", "packages", "{63AB64A3-A453-4663-BDB6-530F2136609D}"
EndProject
Project("{FAE04EC0-301F-11D3-BF4B-00C04F79EFBC}") = "Rebus.Tests", "Rebus.Tests\Rebus.Tests.csproj", "{959C65AB-D21A-4582-BC4F-06D1425FF274}"
EndProject
Project("{2150E333-8FDC-42A3-9474-1A3956D46DE8}") = ".build", ".build", "{1692C59F-82DB-43D3-9982-C883B99E38B2}"
	ProjectSection(SolutionItems) = preProject
		scripts\build.cmd = scripts\build.cmd
	EndProjectSection
EndProject
Project("{2150E333-8FDC-42A3-9474-1A3956D46DE8}") = ".stuff", ".stuff", "{1ABDD7C1-1F8D-402D-8692-3E4B66962DE0}"
	ProjectSection(SolutionItems) = preProject
		CHANGELOG.md = CHANGELOG.md
		CONTRIBUTING.md = CONTRIBUTING.md
		LICENSE.md = LICENSE.md
		README.md = README.md
	EndProjectSection
EndProject
Project("{FAE04EC0-301F-11D3-BF4B-00C04F79EFBC}") = "Rebus.Tests.Contracts", "Rebus.Tests.Contracts\Rebus.Tests.Contracts.csproj", "{F1CFF884-8176-48C2-9D51-E9DAAC8E11FB}"
EndProject
Project("{2150E333-8FDC-42A3-9474-1A3956D46DE8}") = "tests", "tests", "{EAB8CED5-4383-48F3-AB54-E57278CDD93B}"
EndProject
Project("{FAE04EC0-301F-11D3-BF4B-00C04F79EFBC}") = "Rebus", "Rebus\Rebus.csproj", "{319215F6-B626-4271-8EDA-E31B876F65C0}"
EndProject
Global
	GlobalSection(SolutionConfigurationPlatforms) = preSolution
		Debug|Any CPU = Debug|Any CPU
		Release|Any CPU = Release|Any CPU
	EndGlobalSection
	GlobalSection(ProjectConfigurationPlatforms) = postSolution
		{959C65AB-D21A-4582-BC4F-06D1425FF274}.Debug|Any CPU.ActiveCfg = Debug|Any CPU
		{959C65AB-D21A-4582-BC4F-06D1425FF274}.Debug|Any CPU.Build.0 = Debug|Any CPU
		{959C65AB-D21A-4582-BC4F-06D1425FF274}.Release|Any CPU.ActiveCfg = Release|Any CPU
		{959C65AB-D21A-4582-BC4F-06D1425FF274}.Release|Any CPU.Build.0 = Release|Any CPU
		{F1CFF884-8176-48C2-9D51-E9DAAC8E11FB}.Debug|Any CPU.ActiveCfg = Debug|Any CPU
		{F1CFF884-8176-48C2-9D51-E9DAAC8E11FB}.Debug|Any CPU.Build.0 = Debug|Any CPU
		{F1CFF884-8176-48C2-9D51-E9DAAC8E11FB}.Release|Any CPU.ActiveCfg = Release|Any CPU
		{F1CFF884-8176-48C2-9D51-E9DAAC8E11FB}.Release|Any CPU.Build.0 = Release|Any CPU
		{319215F6-B626-4271-8EDA-E31B876F65C0}.Debug|Any CPU.ActiveCfg = Debug|Any CPU
		{319215F6-B626-4271-8EDA-E31B876F65C0}.Debug|Any CPU.Build.0 = Debug|Any CPU
		{319215F6-B626-4271-8EDA-E31B876F65C0}.Release|Any CPU.ActiveCfg = Release|Any CPU
		{319215F6-B626-4271-8EDA-E31B876F65C0}.Release|Any CPU.Build.0 = Release|Any CPU
	EndGlobalSection
	GlobalSection(SolutionProperties) = preSolution
		HideSolutionNode = FALSE
	EndGlobalSection
	GlobalSection(NestedProjects) = preSolution
		{959C65AB-D21A-4582-BC4F-06D1425FF274} = {EAB8CED5-4383-48F3-AB54-E57278CDD93B}
		{F1CFF884-8176-48C2-9D51-E9DAAC8E11FB} = {63AB64A3-A453-4663-BDB6-530F2136609D}
		{319215F6-B626-4271-8EDA-E31B876F65C0} = {63AB64A3-A453-4663-BDB6-530F2136609D}
	EndGlobalSection
EndGlobal
