
Microsoft Visual Studio Solution File, Format Version 12.00
# Visual Studio 2013
VisualStudioVersion = 12.0.31101.0
MinimumVisualStudioVersion = 10.0.40219.1
Project("{2150E333-8FDC-42A3-9474-1A3956D46DE8}") = "core", "core", "{63AB64A3-A453-4663-BDB6-530F2136609D}"
EndProject
Project("{2150E333-8FDC-42A3-9474-1A3956D46DE8}") = "integration", "integration", "{5D634D12-95B9-4413-99DD-AED4E5D6BBFC}"
EndProject
Project("{2150E333-8FDC-42A3-9474-1A3956D46DE8}") = "mongodb", "mongodb", "{43F292B0-F058-416C-AE66-DE70B1A5B034}"
EndProject
Project("{FAE04EC0-301F-11D3-BF4B-00C04F79EFBC}") = "Rebus.MongoDb", "Rebus.MongoDb\Rebus.MongoDb.csproj", "{5102E171-2CED-4B6B-A8A5-8791F90C9797}"
EndProject
Project("{FAE04EC0-301F-11D3-BF4B-00C04F79EFBC}") = "Rebus.MongoDb.Tests", "Rebus.MongoDb.Tests\Rebus.MongoDb.Tests.csproj", "{4FA3FD37-73E7-4E6A-9416-3A3673EE7250}"
EndProject
Project("{FAE04EC0-301F-11D3-BF4B-00C04F79EFBC}") = "Rebus.Tests", "Rebus.Tests\Rebus.Tests.csproj", "{959C65AB-D21A-4582-BC4F-06D1425FF274}"
EndProject
Project("{FAE04EC0-301F-11D3-BF4B-00C04F79EFBC}") = "Rebus", "Rebus\Rebus.csproj", "{7D7B7B36-6298-4E85-9A0E-1B415C5B9D12}"
EndProject
Project("{2150E333-8FDC-42A3-9474-1A3956D46DE8}") = "azure service bus", "azure service bus", "{AF3F3444-0873-4749-9F62-2BBDEE19BB24}"
EndProject
Project("{FAE04EC0-301F-11D3-BF4B-00C04F79EFBC}") = "Rebus.AzureServiceBus", "Rebus.AzureServiceBus\Rebus.AzureServiceBus.csproj", "{DD32B8FB-6D0D-4FF1-9659-EDAA6DB5A93F}"
EndProject
Project("{FAE04EC0-301F-11D3-BF4B-00C04F79EFBC}") = "Rebus.AzureServiceBus.Tests", "Rebus.AzureServiceBus.Tests\Rebus.AzureServiceBus.Tests.csproj", "{A8707703-0514-4D8C-9164-B9D20CA41EB5}"
EndProject
Project("{2150E333-8FDC-42A3-9474-1A3956D46DE8}") = "castle windsor", "castle windsor", "{FA107A2B-D2EC-404F-B54A-9E0DE1124412}"
EndProject
Project("{FAE04EC0-301F-11D3-BF4B-00C04F79EFBC}") = "Rebus.CastleWindsor", "Rebus.CastleWindsor\Rebus.CastleWindsor.csproj", "{3CE93E26-D3C4-44B1-ADFA-6A0F8B59B9B8}"
EndProject
Project("{FAE04EC0-301F-11D3-BF4B-00C04F79EFBC}") = "Rebus.CastleWindsor.Tests", "Rebus.CastleWindsor.Tests\Rebus.CastleWindsor.Tests.csproj", "{4E606ECB-FF04-4DB7-A4EE-086948D2A7CF}"
EndProject
Project("{2150E333-8FDC-42A3-9474-1A3956D46DE8}") = "build", "build", "{1692C59F-82DB-43D3-9982-C883B99E38B2}"
	ProjectSection(SolutionItems) = preProject
		scripts\build.proj = scripts\build.proj
	EndProjectSection
EndProject
Project("{2150E333-8FDC-42A3-9474-1A3956D46DE8}") = "serilog", "serilog", "{0CC2D01C-9007-45A0-8B35-0CB40C171E25}"
EndProject
Project("{FAE04EC0-301F-11D3-BF4B-00C04F79EFBC}") = "Rebus.Serilog", "Rebus.Serilog\Rebus.Serilog.csproj", "{3CEEF673-4E4F-4057-8C14-3D83F024E8A7}"
EndProject
Project("{2150E333-8FDC-42A3-9474-1A3956D46DE8}") = "nlog", "nlog", "{63E432DC-D486-4C9D-B38C-54FB53F07213}"
EndProject
Project("{FAE04EC0-301F-11D3-BF4B-00C04F79EFBC}") = "Rebus.NLog", "Rebus.NLog\Rebus.NLog.csproj", "{BA8CA0CA-EB41-4DE2-8540-B3233C430B95}"
EndProject
Project("{2150E333-8FDC-42A3-9474-1A3956D46DE8}") = "log4net", "log4net", "{ACF3B3BA-AD5A-4223-86D3-D471E174E245}"
EndProject
Project("{FAE04EC0-301F-11D3-BF4B-00C04F79EFBC}") = "Rebus.Log4net", "Rebus.Log4net\Rebus.Log4net.csproj", "{9EDA7793-8E2E-47A3-9511-5D40FD0B958C}"
EndProject
Project("{2150E333-8FDC-42A3-9474-1A3956D46DE8}") = "amazon sqs", "amazon sqs", "{E5B055B1-098B-48CD-B1C5-6AF8428F8ED6}"
EndProject
Project("{FAE04EC0-301F-11D3-BF4B-00C04F79EFBC}") = "Rebus.AmazonSQS", "Rebus.AmazonSQS\Rebus.AmazonSQS.csproj", "{5943A487-5B6C-43CC-AD31-8AC4AA3CA5D9}"
EndProject
Project("{FAE04EC0-301F-11D3-BF4B-00C04F79EFBC}") = "Rebus.AmazonSQS.Tests", "Rebus.AmazonSQS.Tests\Rebus.AmazonSQS.Tests.csproj", "{FD39B818-74CA-4612-A65B-37886CC0C26E}"
EndProject
Project("{2150E333-8FDC-42A3-9474-1A3956D46DE8}") = "unity", "unity", "{8F6F2143-A7E4-4D46-87DC-0C168B697EEE}"
EndProject
Project("{FAE04EC0-301F-11D3-BF4B-00C04F79EFBC}") = "Rebus.Unity", "Rebus.Unity\Rebus.Unity.csproj", "{D5B6A01E-FA27-4769-A40B-0F84ADC29984}"
EndProject
Project("{FAE04EC0-301F-11D3-BF4B-00C04F79EFBC}") = "Rebus.Unity.Tests", "Rebus.Unity.Tests\Rebus.Unity.Tests.csproj", "{CF5A5C90-478B-46D4-A082-847AC3A76DBA}"
EndProject
Project("{2150E333-8FDC-42A3-9474-1A3956D46DE8}") = "ninject", "ninject", "{FBA9E283-8835-41E7-A74C-07BA94F58E78}"
EndProject
Project("{FAE04EC0-301F-11D3-BF4B-00C04F79EFBC}") = "Rebus.Ninject", "Rebus.Ninject\Rebus.Ninject.csproj", "{2D40CF1D-7F79-4009-9CC8-B414596D0718}"
EndProject
Project("{FAE04EC0-301F-11D3-BF4B-00C04F79EFBC}") = "Rebus.Ninject.Tests", "Rebus.Ninject.Tests\Rebus.Ninject.Tests.csproj", "{F40A4AA6-6697-4E87-BF03-C58F4AA99E55}"
EndProject
Project("{2150E333-8FDC-42A3-9474-1A3956D46DE8}") = "autofac", "autofac", "{BA7D87B7-0CB8-4853-98F0-85A2ADAD400D}"
EndProject
Project("{FAE04EC0-301F-11D3-BF4B-00C04F79EFBC}") = "Rebus.Autofac", "Rebus.Autofac\Rebus.Autofac.csproj", "{EFD356C6-D187-4064-A13A-2BF6BA2B3425}"
EndProject
Project("{FAE04EC0-301F-11D3-BF4B-00C04F79EFBC}") = "Rebus.Autofac.Tests", "Rebus.Autofac.Tests\Rebus.Autofac.Tests.csproj", "{1D0F14F3-4BB1-40D0-AAE2-550A34B10290}"
EndProject
Project("{2150E333-8FDC-42A3-9474-1A3956D46DE8}") = "newtonsoft json.net", "newtonsoft json.net", "{F29FA110-A0B2-47DE-963E-E858F2E4D72E}"
EndProject
Project("{FAE04EC0-301F-11D3-BF4B-00C04F79EFBC}") = "Rebus.NewtonsoftJson", "Rebus.NewtonsoftJson\Rebus.NewtonsoftJson.csproj", "{9D2E0972-0006-4CBA-8DC9-3B5A0D3571ED}"
EndProject
Project("{2150E333-8FDC-42A3-9474-1A3956D46DE8}") = "containers", "containers", "{CC6FE9CA-29DB-4A6B-99D2-44772F47AE05}"
EndProject
Project("{2150E333-8FDC-42A3-9474-1A3956D46DE8}") = "persistence+transports", "persistence+transports", "{CBB5C5F8-7C91-422F-907D-F16182FA0154}"
EndProject
Project("{2150E333-8FDC-42A3-9474-1A3956D46DE8}") = "logging", "logging", "{8D0012B5-8E2A-4E7A-B42B-4EA403AFD825}"
EndProject
Project("{2150E333-8FDC-42A3-9474-1A3956D46DE8}") = "serializers", "serializers", "{F585FD2F-C8BB-4BCC-BBF1-2B3790DA81B2}"
EndProject
Project("{2150E333-8FDC-42A3-9474-1A3956D46DE8}") = "azure storage queues", "azure storage queues", "{FFD4D50C-FEA3-44B1-AD56-A89DD710FF48}"
EndProject
Project("{FAE04EC0-301F-11D3-BF4B-00C04F79EFBC}") = "Rebus.AzureStorageQueues", "Rebus.AzureStorageQueues\Rebus.AzureStorageQueues.csproj", "{F3C81A1A-E167-4277-8CE4-5BB6E52DD237}"
EndProject
Project("{FAE04EC0-301F-11D3-BF4B-00C04F79EFBC}") = "Rebus.AzureStorageQueues.Tests", "Rebus.AzureStorageQueues.Tests\Rebus.AzureStorageQueues.Tests.csproj", "{7E79A4E0-2DD2-4200-AD03-C6E8379C34CB}"
EndProject
Project("{2150E333-8FDC-42A3-9474-1A3956D46DE8}") = "simple injector", "simple injector", "{CC4DDC58-1733-48F0-9984-5B92A05A4265}"
EndProject
Project("{FAE04EC0-301F-11D3-BF4B-00C04F79EFBC}") = "Rebus.SimpleInjector", "Rebus.SimpleInjector\Rebus.SimpleInjector.csproj", "{9B02CFA1-54CE-4E23-BF44-A74FEE385DF5}"
EndProject
Project("{FAE04EC0-301F-11D3-BF4B-00C04F79EFBC}") = "Rebus.SimpleInjector.Tests", "Rebus.SimpleInjector.Tests\Rebus.SimpleInjector.Tests.csproj", "{F6F18EF3-AE32-4C3E-92FD-8F7F9C008EC2}"
EndProject
Project("{2150E333-8FDC-42A3-9474-1A3956D46DE8}") = "jil", "jil", "{CDA42975-EF21-49A5-B03C-C0CE6C1B590D}"
EndProject
Project("{FAE04EC0-301F-11D3-BF4B-00C04F79EFBC}") = "Rebus.Jil", "Rebus.Jil\Rebus.Jil.csproj", "{1C294470-06F7-46F6-8835-1AE727B232B3}"
EndProject
Project("{FAE04EC0-301F-11D3-BF4B-00C04F79EFBC}") = "Rebus.Jil.Tests", "Rebus.Jil.Tests\Rebus.Jil.Tests.csproj", "{08AC99DE-0FA0-4CB0-983C-1A20141F3F25}"
EndProject
Project("{2150E333-8FDC-42A3-9474-1A3956D46DE8}") = "convenience", "convenience", "{A54FE4CB-BB06-4198-8B4D-3EBD7152045B}"
EndProject
Project("{FAE04EC0-301F-11D3-BF4B-00C04F79EFBC}") = "Rebus.XmlConfig", "Rebus.XmlConfig\Rebus.XmlConfig.csproj", "{BD87E70B-CCE5-482B-99A9-4278B29841AD}"
EndProject
Project("{FAE04EC0-301F-11D3-BF4B-00C04F79EFBC}") = "Rebus.XmlConfig.Tests", "Rebus.XmlConfig.Tests\Rebus.XmlConfig.Tests.csproj", "{C11FA363-38B9-4301-A2CE-B9ABB2371346}"
EndProject
Project("{2150E333-8FDC-42A3-9474-1A3956D46DE8}") = "structuremap", "structuremap", "{50AA1F20-F578-4060-B298-9754AD36AD09}"
EndProject
Project("{FAE04EC0-301F-11D3-BF4B-00C04F79EFBC}") = "Rebus.StructureMap", "Rebus.StructureMap\Rebus.StructureMap.csproj", "{45BB02AA-0FA7-4FDD-B210-6C62BE42058A}"
EndProject
Project("{FAE04EC0-301F-11D3-BF4B-00C04F79EFBC}") = "Rebus.StructureMap.Tests", "Rebus.StructureMap.Tests\Rebus.StructureMap.Tests.csproj", "{230D2336-DA75-4B5E-B139-00AE3DD28B8F}"
EndProject
Project("{2150E333-8FDC-42A3-9474-1A3956D46DE8}") = "rabbitmq", "rabbitmq", "{B509D503-C3B8-4F9F-9B4E-7C0471C35FCA}"
EndProject
Project("{FAE04EC0-301F-11D3-BF4B-00C04F79EFBC}") = "Rebus.RabbitMq", "Rebus.RabbitMq\Rebus.RabbitMq.csproj", "{F4DC44C0-8822-4602-A840-A061E12650B9}"
EndProject
Project("{FAE04EC0-301F-11D3-BF4B-00C04F79EFBC}") = "Rebus.RabbitMq.Tests", "Rebus.RabbitMq.Tests\Rebus.RabbitMq.Tests.csproj", "{B8B9F10C-A675-49F0-92F4-FBA327C8399F}"
EndProject
Project("{2150E333-8FDC-42A3-9474-1A3956D46DE8}") = "stuff", "stuff", "{1ABDD7C1-1F8D-402D-8692-3E4B66962DE0}"
	ProjectSection(SolutionItems) = preProject
		CHANGELOG.md = CHANGELOG.md
		CONTRIBUTING.md = CONTRIBUTING.md
		LICENSE.md = LICENSE.md
		README.md = README.md
	EndProjectSection
EndProject
Project("{2150E333-8FDC-42A3-9474-1A3956D46DE8}") = "xml configuration", "xml configuration", "{5C2F3881-FE0E-470D-8BB0-3778034EAB03}"
EndProject
Project("{2150E333-8FDC-42A3-9474-1A3956D46DE8}") = ".net transactions", ".net transactions", "{ADEE97CE-1965-4029-93D3-4BB13E4B2C3D}"
EndProject
Project("{FAE04EC0-301F-11D3-BF4B-00C04F79EFBC}") = "Rebus.TransactionScope", "Rebus.TransactionScope\Rebus.TransactionScope.csproj", "{A750AD17-F3ED-4167-9664-667A44AA2B76}"
EndProject
Project("{FAE04EC0-301F-11D3-BF4B-00C04F79EFBC}") = "Rebus.TransactionScope.Tests", "Rebus.TransactionScope.Tests\Rebus.TransactionScope.Tests.csproj", "{C92056C5-6A52-42A7-ACD5-0D06D0390F57}"
EndProject
Project("{2150E333-8FDC-42A3-9474-1A3956D46DE8}") = "ravendb", "ravendb", "{3A49AEC4-EC0A-42D7-89D1-72C2DE3C52A6}"
EndProject
Project("{FAE04EC0-301F-11D3-BF4B-00C04F79EFBC}") = "Rebus.RavenDb", "Rebus.RavenDb\Rebus.RavenDb.csproj", "{33924FFC-68AB-4476-AC35-837FE7C520C4}"
EndProject
Project("{FAE04EC0-301F-11D3-BF4B-00C04F79EFBC}") = "Rebus.RavenDb.Tests", "Rebus.RavenDb.Tests\Rebus.RavenDb.Tests.csproj", "{CC8CF5E2-E31B-437E-9E76-CE71167EAC2E}"
EndProject
Project("{2150E333-8FDC-42A3-9474-1A3956D46DE8}") = "postgresql", "postgresql", "{FACA14D6-32C7-4131-AA53-8E8C3BCA4E05}"
EndProject
Project("{FAE04EC0-301F-11D3-BF4B-00C04F79EFBC}") = "Rebus.PostgreSql", "Rebus.PostgreSql\Rebus.PostgreSql.csproj", "{DC73C2BE-BC8C-4700-8804-70C70D3384F6}"
EndProject
Project("{FAE04EC0-301F-11D3-BF4B-00C04F79EFBC}") = "Rebus.PostgreSql.Tests", "Rebus.PostgreSql.Tests\Rebus.PostgreSql.Tests.csproj", "{7ECBEE2F-C448-40B0-8C5F-6F157AB4E79F}"
EndProject
Global
	GlobalSection(SolutionConfigurationPlatforms) = preSolution
		Debug|Any CPU = Debug|Any CPU
		Release|Any CPU = Release|Any CPU
	EndGlobalSection
	GlobalSection(ProjectConfigurationPlatforms) = postSolution
		{5102E171-2CED-4B6B-A8A5-8791F90C9797}.Debug|Any CPU.ActiveCfg = Debug|Any CPU
		{5102E171-2CED-4B6B-A8A5-8791F90C9797}.Debug|Any CPU.Build.0 = Debug|Any CPU
		{5102E171-2CED-4B6B-A8A5-8791F90C9797}.Release|Any CPU.ActiveCfg = Release|Any CPU
		{5102E171-2CED-4B6B-A8A5-8791F90C9797}.Release|Any CPU.Build.0 = Release|Any CPU
		{4FA3FD37-73E7-4E6A-9416-3A3673EE7250}.Debug|Any CPU.ActiveCfg = Debug|Any CPU
		{4FA3FD37-73E7-4E6A-9416-3A3673EE7250}.Debug|Any CPU.Build.0 = Debug|Any CPU
		{4FA3FD37-73E7-4E6A-9416-3A3673EE7250}.Release|Any CPU.ActiveCfg = Release|Any CPU
		{4FA3FD37-73E7-4E6A-9416-3A3673EE7250}.Release|Any CPU.Build.0 = Release|Any CPU
		{959C65AB-D21A-4582-BC4F-06D1425FF274}.Debug|Any CPU.ActiveCfg = Debug|Any CPU
		{959C65AB-D21A-4582-BC4F-06D1425FF274}.Debug|Any CPU.Build.0 = Debug|Any CPU
		{959C65AB-D21A-4582-BC4F-06D1425FF274}.Release|Any CPU.ActiveCfg = Release|Any CPU
		{959C65AB-D21A-4582-BC4F-06D1425FF274}.Release|Any CPU.Build.0 = Release|Any CPU
		{7D7B7B36-6298-4E85-9A0E-1B415C5B9D12}.Debug|Any CPU.ActiveCfg = Debug|Any CPU
		{7D7B7B36-6298-4E85-9A0E-1B415C5B9D12}.Debug|Any CPU.Build.0 = Debug|Any CPU
		{7D7B7B36-6298-4E85-9A0E-1B415C5B9D12}.Release|Any CPU.ActiveCfg = Release|Any CPU
		{7D7B7B36-6298-4E85-9A0E-1B415C5B9D12}.Release|Any CPU.Build.0 = Release|Any CPU
		{DD32B8FB-6D0D-4FF1-9659-EDAA6DB5A93F}.Debug|Any CPU.ActiveCfg = Debug|Any CPU
		{DD32B8FB-6D0D-4FF1-9659-EDAA6DB5A93F}.Debug|Any CPU.Build.0 = Debug|Any CPU
		{DD32B8FB-6D0D-4FF1-9659-EDAA6DB5A93F}.Release|Any CPU.ActiveCfg = Release|Any CPU
		{DD32B8FB-6D0D-4FF1-9659-EDAA6DB5A93F}.Release|Any CPU.Build.0 = Release|Any CPU
		{A8707703-0514-4D8C-9164-B9D20CA41EB5}.Debug|Any CPU.ActiveCfg = Debug|Any CPU
		{A8707703-0514-4D8C-9164-B9D20CA41EB5}.Debug|Any CPU.Build.0 = Debug|Any CPU
		{A8707703-0514-4D8C-9164-B9D20CA41EB5}.Release|Any CPU.ActiveCfg = Release|Any CPU
		{A8707703-0514-4D8C-9164-B9D20CA41EB5}.Release|Any CPU.Build.0 = Release|Any CPU
		{3CE93E26-D3C4-44B1-ADFA-6A0F8B59B9B8}.Debug|Any CPU.ActiveCfg = Debug|Any CPU
		{3CE93E26-D3C4-44B1-ADFA-6A0F8B59B9B8}.Debug|Any CPU.Build.0 = Debug|Any CPU
		{3CE93E26-D3C4-44B1-ADFA-6A0F8B59B9B8}.Release|Any CPU.ActiveCfg = Release|Any CPU
		{3CE93E26-D3C4-44B1-ADFA-6A0F8B59B9B8}.Release|Any CPU.Build.0 = Release|Any CPU
		{4E606ECB-FF04-4DB7-A4EE-086948D2A7CF}.Debug|Any CPU.ActiveCfg = Debug|Any CPU
		{4E606ECB-FF04-4DB7-A4EE-086948D2A7CF}.Debug|Any CPU.Build.0 = Debug|Any CPU
		{4E606ECB-FF04-4DB7-A4EE-086948D2A7CF}.Release|Any CPU.ActiveCfg = Release|Any CPU
		{4E606ECB-FF04-4DB7-A4EE-086948D2A7CF}.Release|Any CPU.Build.0 = Release|Any CPU
		{3CEEF673-4E4F-4057-8C14-3D83F024E8A7}.Debug|Any CPU.ActiveCfg = Debug|Any CPU
		{3CEEF673-4E4F-4057-8C14-3D83F024E8A7}.Debug|Any CPU.Build.0 = Debug|Any CPU
		{3CEEF673-4E4F-4057-8C14-3D83F024E8A7}.Release|Any CPU.ActiveCfg = Release|Any CPU
		{3CEEF673-4E4F-4057-8C14-3D83F024E8A7}.Release|Any CPU.Build.0 = Release|Any CPU
		{BA8CA0CA-EB41-4DE2-8540-B3233C430B95}.Debug|Any CPU.ActiveCfg = Debug|Any CPU
		{BA8CA0CA-EB41-4DE2-8540-B3233C430B95}.Debug|Any CPU.Build.0 = Debug|Any CPU
		{BA8CA0CA-EB41-4DE2-8540-B3233C430B95}.Release|Any CPU.ActiveCfg = Release|Any CPU
		{BA8CA0CA-EB41-4DE2-8540-B3233C430B95}.Release|Any CPU.Build.0 = Release|Any CPU
		{9EDA7793-8E2E-47A3-9511-5D40FD0B958C}.Debug|Any CPU.ActiveCfg = Debug|Any CPU
		{9EDA7793-8E2E-47A3-9511-5D40FD0B958C}.Debug|Any CPU.Build.0 = Debug|Any CPU
		{9EDA7793-8E2E-47A3-9511-5D40FD0B958C}.Release|Any CPU.ActiveCfg = Release|Any CPU
		{9EDA7793-8E2E-47A3-9511-5D40FD0B958C}.Release|Any CPU.Build.0 = Release|Any CPU
		{5943A487-5B6C-43CC-AD31-8AC4AA3CA5D9}.Debug|Any CPU.ActiveCfg = Debug|Any CPU
		{5943A487-5B6C-43CC-AD31-8AC4AA3CA5D9}.Debug|Any CPU.Build.0 = Debug|Any CPU
		{5943A487-5B6C-43CC-AD31-8AC4AA3CA5D9}.Release|Any CPU.ActiveCfg = Release|Any CPU
		{5943A487-5B6C-43CC-AD31-8AC4AA3CA5D9}.Release|Any CPU.Build.0 = Release|Any CPU
		{FD39B818-74CA-4612-A65B-37886CC0C26E}.Debug|Any CPU.ActiveCfg = Debug|Any CPU
		{FD39B818-74CA-4612-A65B-37886CC0C26E}.Debug|Any CPU.Build.0 = Debug|Any CPU
		{FD39B818-74CA-4612-A65B-37886CC0C26E}.Release|Any CPU.ActiveCfg = Release|Any CPU
		{FD39B818-74CA-4612-A65B-37886CC0C26E}.Release|Any CPU.Build.0 = Release|Any CPU
		{D5B6A01E-FA27-4769-A40B-0F84ADC29984}.Debug|Any CPU.ActiveCfg = Debug|Any CPU
		{D5B6A01E-FA27-4769-A40B-0F84ADC29984}.Debug|Any CPU.Build.0 = Debug|Any CPU
		{D5B6A01E-FA27-4769-A40B-0F84ADC29984}.Release|Any CPU.ActiveCfg = Release|Any CPU
		{D5B6A01E-FA27-4769-A40B-0F84ADC29984}.Release|Any CPU.Build.0 = Release|Any CPU
		{CF5A5C90-478B-46D4-A082-847AC3A76DBA}.Debug|Any CPU.ActiveCfg = Debug|Any CPU
		{CF5A5C90-478B-46D4-A082-847AC3A76DBA}.Debug|Any CPU.Build.0 = Debug|Any CPU
		{CF5A5C90-478B-46D4-A082-847AC3A76DBA}.Release|Any CPU.ActiveCfg = Release|Any CPU
		{CF5A5C90-478B-46D4-A082-847AC3A76DBA}.Release|Any CPU.Build.0 = Release|Any CPU
		{2D40CF1D-7F79-4009-9CC8-B414596D0718}.Debug|Any CPU.ActiveCfg = Debug|Any CPU
		{2D40CF1D-7F79-4009-9CC8-B414596D0718}.Debug|Any CPU.Build.0 = Debug|Any CPU
		{2D40CF1D-7F79-4009-9CC8-B414596D0718}.Release|Any CPU.ActiveCfg = Release|Any CPU
		{2D40CF1D-7F79-4009-9CC8-B414596D0718}.Release|Any CPU.Build.0 = Release|Any CPU
		{F40A4AA6-6697-4E87-BF03-C58F4AA99E55}.Debug|Any CPU.ActiveCfg = Debug|Any CPU
		{F40A4AA6-6697-4E87-BF03-C58F4AA99E55}.Debug|Any CPU.Build.0 = Debug|Any CPU
		{F40A4AA6-6697-4E87-BF03-C58F4AA99E55}.Release|Any CPU.ActiveCfg = Release|Any CPU
		{F40A4AA6-6697-4E87-BF03-C58F4AA99E55}.Release|Any CPU.Build.0 = Release|Any CPU
		{EFD356C6-D187-4064-A13A-2BF6BA2B3425}.Debug|Any CPU.ActiveCfg = Debug|Any CPU
		{EFD356C6-D187-4064-A13A-2BF6BA2B3425}.Debug|Any CPU.Build.0 = Debug|Any CPU
		{EFD356C6-D187-4064-A13A-2BF6BA2B3425}.Release|Any CPU.ActiveCfg = Release|Any CPU
		{EFD356C6-D187-4064-A13A-2BF6BA2B3425}.Release|Any CPU.Build.0 = Release|Any CPU
		{1D0F14F3-4BB1-40D0-AAE2-550A34B10290}.Debug|Any CPU.ActiveCfg = Debug|Any CPU
		{1D0F14F3-4BB1-40D0-AAE2-550A34B10290}.Debug|Any CPU.Build.0 = Debug|Any CPU
		{1D0F14F3-4BB1-40D0-AAE2-550A34B10290}.Release|Any CPU.ActiveCfg = Release|Any CPU
		{1D0F14F3-4BB1-40D0-AAE2-550A34B10290}.Release|Any CPU.Build.0 = Release|Any CPU
		{9D2E0972-0006-4CBA-8DC9-3B5A0D3571ED}.Debug|Any CPU.ActiveCfg = Debug|Any CPU
		{9D2E0972-0006-4CBA-8DC9-3B5A0D3571ED}.Debug|Any CPU.Build.0 = Debug|Any CPU
		{9D2E0972-0006-4CBA-8DC9-3B5A0D3571ED}.Release|Any CPU.ActiveCfg = Release|Any CPU
		{9D2E0972-0006-4CBA-8DC9-3B5A0D3571ED}.Release|Any CPU.Build.0 = Release|Any CPU
		{F3C81A1A-E167-4277-8CE4-5BB6E52DD237}.Debug|Any CPU.ActiveCfg = Debug|Any CPU
		{F3C81A1A-E167-4277-8CE4-5BB6E52DD237}.Debug|Any CPU.Build.0 = Debug|Any CPU
		{F3C81A1A-E167-4277-8CE4-5BB6E52DD237}.Release|Any CPU.ActiveCfg = Release|Any CPU
		{F3C81A1A-E167-4277-8CE4-5BB6E52DD237}.Release|Any CPU.Build.0 = Release|Any CPU
		{7E79A4E0-2DD2-4200-AD03-C6E8379C34CB}.Debug|Any CPU.ActiveCfg = Debug|Any CPU
		{7E79A4E0-2DD2-4200-AD03-C6E8379C34CB}.Debug|Any CPU.Build.0 = Debug|Any CPU
		{7E79A4E0-2DD2-4200-AD03-C6E8379C34CB}.Release|Any CPU.ActiveCfg = Release|Any CPU
		{7E79A4E0-2DD2-4200-AD03-C6E8379C34CB}.Release|Any CPU.Build.0 = Release|Any CPU
		{9B02CFA1-54CE-4E23-BF44-A74FEE385DF5}.Debug|Any CPU.ActiveCfg = Debug|Any CPU
		{9B02CFA1-54CE-4E23-BF44-A74FEE385DF5}.Debug|Any CPU.Build.0 = Debug|Any CPU
		{9B02CFA1-54CE-4E23-BF44-A74FEE385DF5}.Release|Any CPU.ActiveCfg = Release|Any CPU
		{9B02CFA1-54CE-4E23-BF44-A74FEE385DF5}.Release|Any CPU.Build.0 = Release|Any CPU
		{F6F18EF3-AE32-4C3E-92FD-8F7F9C008EC2}.Debug|Any CPU.ActiveCfg = Debug|Any CPU
		{F6F18EF3-AE32-4C3E-92FD-8F7F9C008EC2}.Debug|Any CPU.Build.0 = Debug|Any CPU
		{F6F18EF3-AE32-4C3E-92FD-8F7F9C008EC2}.Release|Any CPU.ActiveCfg = Release|Any CPU
		{F6F18EF3-AE32-4C3E-92FD-8F7F9C008EC2}.Release|Any CPU.Build.0 = Release|Any CPU
		{1C294470-06F7-46F6-8835-1AE727B232B3}.Debug|Any CPU.ActiveCfg = Debug|Any CPU
		{1C294470-06F7-46F6-8835-1AE727B232B3}.Debug|Any CPU.Build.0 = Debug|Any CPU
		{1C294470-06F7-46F6-8835-1AE727B232B3}.Release|Any CPU.ActiveCfg = Release|Any CPU
		{1C294470-06F7-46F6-8835-1AE727B232B3}.Release|Any CPU.Build.0 = Release|Any CPU
		{08AC99DE-0FA0-4CB0-983C-1A20141F3F25}.Debug|Any CPU.ActiveCfg = Debug|Any CPU
		{08AC99DE-0FA0-4CB0-983C-1A20141F3F25}.Debug|Any CPU.Build.0 = Debug|Any CPU
		{08AC99DE-0FA0-4CB0-983C-1A20141F3F25}.Release|Any CPU.ActiveCfg = Release|Any CPU
		{08AC99DE-0FA0-4CB0-983C-1A20141F3F25}.Release|Any CPU.Build.0 = Release|Any CPU
		{BD87E70B-CCE5-482B-99A9-4278B29841AD}.Debug|Any CPU.ActiveCfg = Debug|Any CPU
		{BD87E70B-CCE5-482B-99A9-4278B29841AD}.Debug|Any CPU.Build.0 = Debug|Any CPU
		{BD87E70B-CCE5-482B-99A9-4278B29841AD}.Release|Any CPU.ActiveCfg = Release|Any CPU
		{BD87E70B-CCE5-482B-99A9-4278B29841AD}.Release|Any CPU.Build.0 = Release|Any CPU
		{C11FA363-38B9-4301-A2CE-B9ABB2371346}.Debug|Any CPU.ActiveCfg = Debug|Any CPU
		{C11FA363-38B9-4301-A2CE-B9ABB2371346}.Debug|Any CPU.Build.0 = Debug|Any CPU
		{C11FA363-38B9-4301-A2CE-B9ABB2371346}.Release|Any CPU.ActiveCfg = Release|Any CPU
		{C11FA363-38B9-4301-A2CE-B9ABB2371346}.Release|Any CPU.Build.0 = Release|Any CPU
		{45BB02AA-0FA7-4FDD-B210-6C62BE42058A}.Debug|Any CPU.ActiveCfg = Debug|Any CPU
		{45BB02AA-0FA7-4FDD-B210-6C62BE42058A}.Debug|Any CPU.Build.0 = Debug|Any CPU
		{45BB02AA-0FA7-4FDD-B210-6C62BE42058A}.Release|Any CPU.ActiveCfg = Release|Any CPU
		{45BB02AA-0FA7-4FDD-B210-6C62BE42058A}.Release|Any CPU.Build.0 = Release|Any CPU
		{230D2336-DA75-4B5E-B139-00AE3DD28B8F}.Debug|Any CPU.ActiveCfg = Debug|Any CPU
		{230D2336-DA75-4B5E-B139-00AE3DD28B8F}.Debug|Any CPU.Build.0 = Debug|Any CPU
		{230D2336-DA75-4B5E-B139-00AE3DD28B8F}.Release|Any CPU.ActiveCfg = Release|Any CPU
		{230D2336-DA75-4B5E-B139-00AE3DD28B8F}.Release|Any CPU.Build.0 = Release|Any CPU
		{F4DC44C0-8822-4602-A840-A061E12650B9}.Debug|Any CPU.ActiveCfg = Debug|Any CPU
		{F4DC44C0-8822-4602-A840-A061E12650B9}.Debug|Any CPU.Build.0 = Debug|Any CPU
		{F4DC44C0-8822-4602-A840-A061E12650B9}.Release|Any CPU.ActiveCfg = Release|Any CPU
		{F4DC44C0-8822-4602-A840-A061E12650B9}.Release|Any CPU.Build.0 = Release|Any CPU
		{B8B9F10C-A675-49F0-92F4-FBA327C8399F}.Debug|Any CPU.ActiveCfg = Debug|Any CPU
		{B8B9F10C-A675-49F0-92F4-FBA327C8399F}.Debug|Any CPU.Build.0 = Debug|Any CPU
		{B8B9F10C-A675-49F0-92F4-FBA327C8399F}.Release|Any CPU.ActiveCfg = Release|Any CPU
		{B8B9F10C-A675-49F0-92F4-FBA327C8399F}.Release|Any CPU.Build.0 = Release|Any CPU
		{A750AD17-F3ED-4167-9664-667A44AA2B76}.Debug|Any CPU.ActiveCfg = Debug|Any CPU
		{A750AD17-F3ED-4167-9664-667A44AA2B76}.Debug|Any CPU.Build.0 = Debug|Any CPU
		{A750AD17-F3ED-4167-9664-667A44AA2B76}.Release|Any CPU.ActiveCfg = Release|Any CPU
		{A750AD17-F3ED-4167-9664-667A44AA2B76}.Release|Any CPU.Build.0 = Release|Any CPU
		{C92056C5-6A52-42A7-ACD5-0D06D0390F57}.Debug|Any CPU.ActiveCfg = Debug|Any CPU
		{C92056C5-6A52-42A7-ACD5-0D06D0390F57}.Debug|Any CPU.Build.0 = Debug|Any CPU
		{C92056C5-6A52-42A7-ACD5-0D06D0390F57}.Release|Any CPU.ActiveCfg = Release|Any CPU
		{C92056C5-6A52-42A7-ACD5-0D06D0390F57}.Release|Any CPU.Build.0 = Release|Any CPU
		{33924FFC-68AB-4476-AC35-837FE7C520C4}.Debug|Any CPU.ActiveCfg = Debug|Any CPU
		{33924FFC-68AB-4476-AC35-837FE7C520C4}.Debug|Any CPU.Build.0 = Debug|Any CPU
		{33924FFC-68AB-4476-AC35-837FE7C520C4}.Release|Any CPU.ActiveCfg = Release|Any CPU
		{33924FFC-68AB-4476-AC35-837FE7C520C4}.Release|Any CPU.Build.0 = Release|Any CPU
		{CC8CF5E2-E31B-437E-9E76-CE71167EAC2E}.Debug|Any CPU.ActiveCfg = Debug|Any CPU
		{CC8CF5E2-E31B-437E-9E76-CE71167EAC2E}.Debug|Any CPU.Build.0 = Debug|Any CPU
		{CC8CF5E2-E31B-437E-9E76-CE71167EAC2E}.Release|Any CPU.ActiveCfg = Release|Any CPU
		{CC8CF5E2-E31B-437E-9E76-CE71167EAC2E}.Release|Any CPU.Build.0 = Release|Any CPU
		{DC73C2BE-BC8C-4700-8804-70C70D3384F6}.Debug|Any CPU.ActiveCfg = Debug|Any CPU
		{DC73C2BE-BC8C-4700-8804-70C70D3384F6}.Debug|Any CPU.Build.0 = Debug|Any CPU
		{DC73C2BE-BC8C-4700-8804-70C70D3384F6}.Release|Any CPU.ActiveCfg = Release|Any CPU
		{DC73C2BE-BC8C-4700-8804-70C70D3384F6}.Release|Any CPU.Build.0 = Release|Any CPU
		{7ECBEE2F-C448-40B0-8C5F-6F157AB4E79F}.Debug|Any CPU.ActiveCfg = Debug|Any CPU
		{7ECBEE2F-C448-40B0-8C5F-6F157AB4E79F}.Debug|Any CPU.Build.0 = Debug|Any CPU
		{7ECBEE2F-C448-40B0-8C5F-6F157AB4E79F}.Release|Any CPU.ActiveCfg = Release|Any CPU
		{7ECBEE2F-C448-40B0-8C5F-6F157AB4E79F}.Release|Any CPU.Build.0 = Release|Any CPU
	EndGlobalSection
	GlobalSection(SolutionProperties) = preSolution
		HideSolutionNode = FALSE
	EndGlobalSection
	GlobalSection(NestedProjects) = preSolution
		{43F292B0-F058-416C-AE66-DE70B1A5B034} = {CBB5C5F8-7C91-422F-907D-F16182FA0154}
		{5102E171-2CED-4B6B-A8A5-8791F90C9797} = {43F292B0-F058-416C-AE66-DE70B1A5B034}
		{4FA3FD37-73E7-4E6A-9416-3A3673EE7250} = {43F292B0-F058-416C-AE66-DE70B1A5B034}
		{959C65AB-D21A-4582-BC4F-06D1425FF274} = {63AB64A3-A453-4663-BDB6-530F2136609D}
		{7D7B7B36-6298-4E85-9A0E-1B415C5B9D12} = {63AB64A3-A453-4663-BDB6-530F2136609D}
		{AF3F3444-0873-4749-9F62-2BBDEE19BB24} = {CBB5C5F8-7C91-422F-907D-F16182FA0154}
		{DD32B8FB-6D0D-4FF1-9659-EDAA6DB5A93F} = {AF3F3444-0873-4749-9F62-2BBDEE19BB24}
		{A8707703-0514-4D8C-9164-B9D20CA41EB5} = {AF3F3444-0873-4749-9F62-2BBDEE19BB24}
		{FA107A2B-D2EC-404F-B54A-9E0DE1124412} = {CC6FE9CA-29DB-4A6B-99D2-44772F47AE05}
		{3CE93E26-D3C4-44B1-ADFA-6A0F8B59B9B8} = {FA107A2B-D2EC-404F-B54A-9E0DE1124412}
		{4E606ECB-FF04-4DB7-A4EE-086948D2A7CF} = {FA107A2B-D2EC-404F-B54A-9E0DE1124412}
		{0CC2D01C-9007-45A0-8B35-0CB40C171E25} = {8D0012B5-8E2A-4E7A-B42B-4EA403AFD825}
		{3CEEF673-4E4F-4057-8C14-3D83F024E8A7} = {0CC2D01C-9007-45A0-8B35-0CB40C171E25}
		{63E432DC-D486-4C9D-B38C-54FB53F07213} = {8D0012B5-8E2A-4E7A-B42B-4EA403AFD825}
		{BA8CA0CA-EB41-4DE2-8540-B3233C430B95} = {63E432DC-D486-4C9D-B38C-54FB53F07213}
		{ACF3B3BA-AD5A-4223-86D3-D471E174E245} = {8D0012B5-8E2A-4E7A-B42B-4EA403AFD825}
		{9EDA7793-8E2E-47A3-9511-5D40FD0B958C} = {ACF3B3BA-AD5A-4223-86D3-D471E174E245}
		{E5B055B1-098B-48CD-B1C5-6AF8428F8ED6} = {CBB5C5F8-7C91-422F-907D-F16182FA0154}
		{5943A487-5B6C-43CC-AD31-8AC4AA3CA5D9} = {E5B055B1-098B-48CD-B1C5-6AF8428F8ED6}
		{FD39B818-74CA-4612-A65B-37886CC0C26E} = {E5B055B1-098B-48CD-B1C5-6AF8428F8ED6}
		{8F6F2143-A7E4-4D46-87DC-0C168B697EEE} = {CC6FE9CA-29DB-4A6B-99D2-44772F47AE05}
		{D5B6A01E-FA27-4769-A40B-0F84ADC29984} = {8F6F2143-A7E4-4D46-87DC-0C168B697EEE}
		{CF5A5C90-478B-46D4-A082-847AC3A76DBA} = {8F6F2143-A7E4-4D46-87DC-0C168B697EEE}
		{FBA9E283-8835-41E7-A74C-07BA94F58E78} = {CC6FE9CA-29DB-4A6B-99D2-44772F47AE05}
		{2D40CF1D-7F79-4009-9CC8-B414596D0718} = {FBA9E283-8835-41E7-A74C-07BA94F58E78}
		{F40A4AA6-6697-4E87-BF03-C58F4AA99E55} = {FBA9E283-8835-41E7-A74C-07BA94F58E78}
		{BA7D87B7-0CB8-4853-98F0-85A2ADAD400D} = {CC6FE9CA-29DB-4A6B-99D2-44772F47AE05}
		{EFD356C6-D187-4064-A13A-2BF6BA2B3425} = {BA7D87B7-0CB8-4853-98F0-85A2ADAD400D}
		{1D0F14F3-4BB1-40D0-AAE2-550A34B10290} = {BA7D87B7-0CB8-4853-98F0-85A2ADAD400D}
		{F29FA110-A0B2-47DE-963E-E858F2E4D72E} = {F585FD2F-C8BB-4BCC-BBF1-2B3790DA81B2}
		{9D2E0972-0006-4CBA-8DC9-3B5A0D3571ED} = {F29FA110-A0B2-47DE-963E-E858F2E4D72E}
		{CC6FE9CA-29DB-4A6B-99D2-44772F47AE05} = {5D634D12-95B9-4413-99DD-AED4E5D6BBFC}
		{CBB5C5F8-7C91-422F-907D-F16182FA0154} = {5D634D12-95B9-4413-99DD-AED4E5D6BBFC}
		{8D0012B5-8E2A-4E7A-B42B-4EA403AFD825} = {5D634D12-95B9-4413-99DD-AED4E5D6BBFC}
		{F585FD2F-C8BB-4BCC-BBF1-2B3790DA81B2} = {5D634D12-95B9-4413-99DD-AED4E5D6BBFC}
		{FFD4D50C-FEA3-44B1-AD56-A89DD710FF48} = {CBB5C5F8-7C91-422F-907D-F16182FA0154}
		{F3C81A1A-E167-4277-8CE4-5BB6E52DD237} = {FFD4D50C-FEA3-44B1-AD56-A89DD710FF48}
		{7E79A4E0-2DD2-4200-AD03-C6E8379C34CB} = {FFD4D50C-FEA3-44B1-AD56-A89DD710FF48}
		{CC4DDC58-1733-48F0-9984-5B92A05A4265} = {CC6FE9CA-29DB-4A6B-99D2-44772F47AE05}
		{9B02CFA1-54CE-4E23-BF44-A74FEE385DF5} = {CC4DDC58-1733-48F0-9984-5B92A05A4265}
		{F6F18EF3-AE32-4C3E-92FD-8F7F9C008EC2} = {CC4DDC58-1733-48F0-9984-5B92A05A4265}
		{CDA42975-EF21-49A5-B03C-C0CE6C1B590D} = {F585FD2F-C8BB-4BCC-BBF1-2B3790DA81B2}
		{1C294470-06F7-46F6-8835-1AE727B232B3} = {CDA42975-EF21-49A5-B03C-C0CE6C1B590D}
		{08AC99DE-0FA0-4CB0-983C-1A20141F3F25} = {CDA42975-EF21-49A5-B03C-C0CE6C1B590D}
		{A54FE4CB-BB06-4198-8B4D-3EBD7152045B} = {5D634D12-95B9-4413-99DD-AED4E5D6BBFC}
		{BD87E70B-CCE5-482B-99A9-4278B29841AD} = {5C2F3881-FE0E-470D-8BB0-3778034EAB03}
		{C11FA363-38B9-4301-A2CE-B9ABB2371346} = {5C2F3881-FE0E-470D-8BB0-3778034EAB03}
		{50AA1F20-F578-4060-B298-9754AD36AD09} = {CC6FE9CA-29DB-4A6B-99D2-44772F47AE05}
		{45BB02AA-0FA7-4FDD-B210-6C62BE42058A} = {50AA1F20-F578-4060-B298-9754AD36AD09}
		{230D2336-DA75-4B5E-B139-00AE3DD28B8F} = {50AA1F20-F578-4060-B298-9754AD36AD09}
		{B509D503-C3B8-4F9F-9B4E-7C0471C35FCA} = {CBB5C5F8-7C91-422F-907D-F16182FA0154}
		{F4DC44C0-8822-4602-A840-A061E12650B9} = {B509D503-C3B8-4F9F-9B4E-7C0471C35FCA}
		{B8B9F10C-A675-49F0-92F4-FBA327C8399F} = {B509D503-C3B8-4F9F-9B4E-7C0471C35FCA}
		{5C2F3881-FE0E-470D-8BB0-3778034EAB03} = {A54FE4CB-BB06-4198-8B4D-3EBD7152045B}
		{ADEE97CE-1965-4029-93D3-4BB13E4B2C3D} = {A54FE4CB-BB06-4198-8B4D-3EBD7152045B}
		{A750AD17-F3ED-4167-9664-667A44AA2B76} = {ADEE97CE-1965-4029-93D3-4BB13E4B2C3D}
		{C92056C5-6A52-42A7-ACD5-0D06D0390F57} = {ADEE97CE-1965-4029-93D3-4BB13E4B2C3D}
		{3A49AEC4-EC0A-42D7-89D1-72C2DE3C52A6} = {CBB5C5F8-7C91-422F-907D-F16182FA0154}
		{33924FFC-68AB-4476-AC35-837FE7C520C4} = {3A49AEC4-EC0A-42D7-89D1-72C2DE3C52A6}
		{CC8CF5E2-E31B-437E-9E76-CE71167EAC2E} = {3A49AEC4-EC0A-42D7-89D1-72C2DE3C52A6}
		{FACA14D6-32C7-4131-AA53-8E8C3BCA4E05} = {CBB5C5F8-7C91-422F-907D-F16182FA0154}
		{DC73C2BE-BC8C-4700-8804-70C70D3384F6} = {FACA14D6-32C7-4131-AA53-8E8C3BCA4E05}
		{7ECBEE2F-C448-40B0-8C5F-6F157AB4E79F} = {FACA14D6-32C7-4131-AA53-8E8C3BCA4E05}
	EndGlobalSection
EndGlobal
