
Microsoft Visual Studio Solution File, Format Version 12.00
# Visual Studio 2013
VisualStudioVersion = 12.0.31101.0
MinimumVisualStudioVersion = 10.0.40219.1
Project("{2150E333-8FDC-42A3-9474-1A3956D46DE8}") = "core", "core", "{63AB64A3-A453-4663-BDB6-530F2136609D}"
EndProject
Project("{2150E333-8FDC-42A3-9474-1A3956D46DE8}") = "integration", "integration", "{5D634D12-95B9-4413-99DD-AED4E5D6BBFC}"
EndProject
Project("{2150E333-8FDC-42A3-9474-1A3956D46DE8}") = "mongodb", "mongodb", "{43F292B0-F058-416C-AE66-DE70B1A5B034}"
EndProject
Project("{FAE04EC0-301F-11D3-BF4B-00C04F79EFBC}") = "Rebus.MongoDb", "Rebus.MongoDb\Rebus.MongoDb.csproj", "{5102E171-2CED-4B6B-A8A5-8791F90C9797}"
EndProject
Project("{FAE04EC0-301F-11D3-BF4B-00C04F79EFBC}") = "Rebus.MongoDb.Tests", "Rebus.MongoDb.Tests\Rebus.MongoDb.Tests.csproj", "{4FA3FD37-73E7-4E6A-9416-3A3673EE7250}"
EndProject
Project("{FAE04EC0-301F-11D3-BF4B-00C04F79EFBC}") = "Rebus.Tests", "Rebus.Tests\Rebus.Tests.csproj", "{959C65AB-D21A-4582-BC4F-06D1425FF274}"
EndProject
Project("{FAE04EC0-301F-11D3-BF4B-00C04F79EFBC}") = "Rebus", "Rebus\Rebus.csproj", "{7D7B7B36-6298-4E85-9A0E-1B415C5B9D12}"
EndProject
Project("{2150E333-8FDC-42A3-9474-1A3956D46DE8}") = "azure service bus", "azure service bus", "{AF3F3444-0873-4749-9F62-2BBDEE19BB24}"
EndProject
Project("{FAE04EC0-301F-11D3-BF4B-00C04F79EFBC}") = "Rebus.AzureServiceBus", "Rebus.AzureServiceBus\Rebus.AzureServiceBus.csproj", "{DD32B8FB-6D0D-4FF1-9659-EDAA6DB5A93F}"
EndProject
Project("{FAE04EC0-301F-11D3-BF4B-00C04F79EFBC}") = "Rebus.AzureServiceBus.Tests", "Rebus.AzureServiceBus.Tests\Rebus.AzureServiceBus.Tests.csproj", "{A8707703-0514-4D8C-9164-B9D20CA41EB5}"
EndProject
Project("{2150E333-8FDC-42A3-9474-1A3956D46DE8}") = "castle windsor", "castle windsor", "{FA107A2B-D2EC-404F-B54A-9E0DE1124412}"
EndProject
Project("{FAE04EC0-301F-11D3-BF4B-00C04F79EFBC}") = "Rebus.CastleWindsor", "Rebus.CastleWindsor\Rebus.CastleWindsor.csproj", "{3CE93E26-D3C4-44B1-ADFA-6A0F8B59B9B8}"
EndProject
Project("{FAE04EC0-301F-11D3-BF4B-00C04F79EFBC}") = "Rebus.CastleWindsor.Tests", "Rebus.CastleWindsor.Tests\Rebus.CastleWindsor.Tests.csproj", "{4E606ECB-FF04-4DB7-A4EE-086948D2A7CF}"
EndProject
Project("{2150E333-8FDC-42A3-9474-1A3956D46DE8}") = "build", "build", "{1692C59F-82DB-43D3-9982-C883B99E38B2}"
	ProjectSection(SolutionItems) = preProject
		scripts\build.proj = scripts\build.proj
	EndProjectSection
EndProject
Global
	GlobalSection(SolutionConfigurationPlatforms) = preSolution
		Debug|Any CPU = Debug|Any CPU
		Release|Any CPU = Release|Any CPU
	EndGlobalSection
	GlobalSection(ProjectConfigurationPlatforms) = postSolution
		{5102E171-2CED-4B6B-A8A5-8791F90C9797}.Debug|Any CPU.ActiveCfg = Debug|Any CPU
		{5102E171-2CED-4B6B-A8A5-8791F90C9797}.Debug|Any CPU.Build.0 = Debug|Any CPU
		{5102E171-2CED-4B6B-A8A5-8791F90C9797}.Release|Any CPU.ActiveCfg = Release|Any CPU
		{5102E171-2CED-4B6B-A8A5-8791F90C9797}.Release|Any CPU.Build.0 = Release|Any CPU
		{4FA3FD37-73E7-4E6A-9416-3A3673EE7250}.Debug|Any CPU.ActiveCfg = Debug|Any CPU
		{4FA3FD37-73E7-4E6A-9416-3A3673EE7250}.Debug|Any CPU.Build.0 = Debug|Any CPU
		{4FA3FD37-73E7-4E6A-9416-3A3673EE7250}.Release|Any CPU.ActiveCfg = Release|Any CPU
		{4FA3FD37-73E7-4E6A-9416-3A3673EE7250}.Release|Any CPU.Build.0 = Release|Any CPU
		{959C65AB-D21A-4582-BC4F-06D1425FF274}.Debug|Any CPU.ActiveCfg = Debug|Any CPU
		{959C65AB-D21A-4582-BC4F-06D1425FF274}.Debug|Any CPU.Build.0 = Debug|Any CPU
		{959C65AB-D21A-4582-BC4F-06D1425FF274}.Release|Any CPU.ActiveCfg = Release|Any CPU
		{959C65AB-D21A-4582-BC4F-06D1425FF274}.Release|Any CPU.Build.0 = Release|Any CPU
		{7D7B7B36-6298-4E85-9A0E-1B415C5B9D12}.Debug|Any CPU.ActiveCfg = Debug|Any CPU
		{7D7B7B36-6298-4E85-9A0E-1B415C5B9D12}.Debug|Any CPU.Build.0 = Debug|Any CPU
		{7D7B7B36-6298-4E85-9A0E-1B415C5B9D12}.Release|Any CPU.ActiveCfg = Release|Any CPU
		{7D7B7B36-6298-4E85-9A0E-1B415C5B9D12}.Release|Any CPU.Build.0 = Release|Any CPU
		{DD32B8FB-6D0D-4FF1-9659-EDAA6DB5A93F}.Debug|Any CPU.ActiveCfg = Debug|Any CPU
		{DD32B8FB-6D0D-4FF1-9659-EDAA6DB5A93F}.Debug|Any CPU.Build.0 = Debug|Any CPU
		{DD32B8FB-6D0D-4FF1-9659-EDAA6DB5A93F}.Release|Any CPU.ActiveCfg = Release|Any CPU
		{DD32B8FB-6D0D-4FF1-9659-EDAA6DB5A93F}.Release|Any CPU.Build.0 = Release|Any CPU
		{A8707703-0514-4D8C-9164-B9D20CA41EB5}.Debug|Any CPU.ActiveCfg = Debug|Any CPU
		{A8707703-0514-4D8C-9164-B9D20CA41EB5}.Debug|Any CPU.Build.0 = Debug|Any CPU
		{A8707703-0514-4D8C-9164-B9D20CA41EB5}.Release|Any CPU.ActiveCfg = Release|Any CPU
		{A8707703-0514-4D8C-9164-B9D20CA41EB5}.Release|Any CPU.Build.0 = Release|Any CPU
		{3CE93E26-D3C4-44B1-ADFA-6A0F8B59B9B8}.Debug|Any CPU.ActiveCfg = Debug|Any CPU
		{3CE93E26-D3C4-44B1-ADFA-6A0F8B59B9B8}.Debug|Any CPU.Build.0 = Debug|Any CPU
		{3CE93E26-D3C4-44B1-ADFA-6A0F8B59B9B8}.Release|Any CPU.ActiveCfg = Release|Any CPU
		{3CE93E26-D3C4-44B1-ADFA-6A0F8B59B9B8}.Release|Any CPU.Build.0 = Release|Any CPU
		{4E606ECB-FF04-4DB7-A4EE-086948D2A7CF}.Debug|Any CPU.ActiveCfg = Debug|Any CPU
		{4E606ECB-FF04-4DB7-A4EE-086948D2A7CF}.Debug|Any CPU.Build.0 = Debug|Any CPU
		{4E606ECB-FF04-4DB7-A4EE-086948D2A7CF}.Release|Any CPU.ActiveCfg = Release|Any CPU
		{4E606ECB-FF04-4DB7-A4EE-086948D2A7CF}.Release|Any CPU.Build.0 = Release|Any CPU
	EndGlobalSection
	GlobalSection(SolutionProperties) = preSolution
		HideSolutionNode = FALSE
	EndGlobalSection
	GlobalSection(NestedProjects) = preSolution
		{43F292B0-F058-416C-AE66-DE70B1A5B034} = {5D634D12-95B9-4413-99DD-AED4E5D6BBFC}
		{5102E171-2CED-4B6B-A8A5-8791F90C9797} = {43F292B0-F058-416C-AE66-DE70B1A5B034}
		{4FA3FD37-73E7-4E6A-9416-3A3673EE7250} = {43F292B0-F058-416C-AE66-DE70B1A5B034}
		{959C65AB-D21A-4582-BC4F-06D1425FF274} = {63AB64A3-A453-4663-BDB6-530F2136609D}
		{7D7B7B36-6298-4E85-9A0E-1B415C5B9D12} = {63AB64A3-A453-4663-BDB6-530F2136609D}
		{AF3F3444-0873-4749-9F62-2BBDEE19BB24} = {5D634D12-95B9-4413-99DD-AED4E5D6BBFC}
		{DD32B8FB-6D0D-4FF1-9659-EDAA6DB5A93F} = {AF3F3444-0873-4749-9F62-2BBDEE19BB24}
		{A8707703-0514-4D8C-9164-B9D20CA41EB5} = {AF3F3444-0873-4749-9F62-2BBDEE19BB24}
		{FA107A2B-D2EC-404F-B54A-9E0DE1124412} = {5D634D12-95B9-4413-99DD-AED4E5D6BBFC}
		{3CE93E26-D3C4-44B1-ADFA-6A0F8B59B9B8} = {FA107A2B-D2EC-404F-B54A-9E0DE1124412}
		{4E606ECB-FF04-4DB7-A4EE-086948D2A7CF} = {FA107A2B-D2EC-404F-B54A-9E0DE1124412}
	EndGlobalSection
EndGlobal
