
Microsoft Visual Studio Solution File, Format Version 11.00
# Visual Studio 2010
Project("{2150E333-8FDC-42A3-9474-1A3956D46DE8}") = "integration sample", "integration sample", "{18381CD0-4A87-4D54-AEA1-4054DAA40D71}"
	ProjectSection(SolutionItems) = preProject
		integration sample readme.txt = integration sample readme.txt
	EndProjectSection
EndProject
Project("{FAE04EC0-301F-11D3-BF4B-00C04F79EFBC}") = "IntegrationSample.Client", "IntegrationSample.Client\IntegrationSample.Client.csproj", "{05ECDCA2-9D2A-43A6-8DAE-7A240C53346A}"
EndProject
Project("{FAE04EC0-301F-11D3-BF4B-00C04F79EFBC}") = "IntegrationSample.IntegrationService", "IntegrationSample.IntegrationService\IntegrationSample.IntegrationService.csproj", "{F22823D6-D5BA-4875-9E7D-34E55ADB459B}"
	ProjectSection(ProjectDependencies) = postProject
		{118F573E-3DB1-4949-9841-B7A5F42923C4} = {118F573E-3DB1-4949-9841-B7A5F42923C4}
	EndProjectSection
EndProject
Project("{FAE04EC0-301F-11D3-BF4B-00C04F79EFBC}") = "IntegrationSample.IntegrationService.Messages", "IntegrationSample.IntegrationService.Messages\IntegrationSample.IntegrationService.Messages.csproj", "{C4613784-944B-47E3-8DAB-53AD9AD1E6BB}"
EndProject
Project("{2150E333-8FDC-42A3-9474-1A3956D46DE8}") = "external web service", "external web service", "{007AF927-CE5D-4723-8C18-FABE1E1DB5E5}"
EndProject
Project("{FAE04EC0-301F-11D3-BF4B-00C04F79EFBC}") = "IntegrationSample.ExternalWebService", "IntegrationSample.ExternalWebService\IntegrationSample.ExternalWebService.csproj", "{118F573E-3DB1-4949-9841-B7A5F42923C4}"
EndProject
Project("{2150E333-8FDC-42A3-9474-1A3956D46DE8}") = "print current time", "print current time", "{CA9A4993-76AA-4D17-9469-052256B403EA}"
EndProject
Project("{FAE04EC0-301F-11D3-BF4B-00C04F79EFBC}") = "TimePrinter", "TimePrinter\TimePrinter.csproj", "{464E78AA-0EDF-4434-9726-9BBA7DB54657}"
EndProject
Global
	GlobalSection(SolutionConfigurationPlatforms) = preSolution
		Debug|Any CPU = Debug|Any CPU
		Debug|Mixed Platforms = Debug|Mixed Platforms
		Debug|x86 = Debug|x86
		Release|Any CPU = Release|Any CPU
		Release|Mixed Platforms = Release|Mixed Platforms
		Release|x86 = Release|x86
	EndGlobalSection
	GlobalSection(ProjectConfigurationPlatforms) = postSolution
		{05ECDCA2-9D2A-43A6-8DAE-7A240C53346A}.Debug|Any CPU.ActiveCfg = Debug|x86
		{05ECDCA2-9D2A-43A6-8DAE-7A240C53346A}.Debug|Mixed Platforms.ActiveCfg = Debug|x86
		{05ECDCA2-9D2A-43A6-8DAE-7A240C53346A}.Debug|Mixed Platforms.Build.0 = Debug|x86
		{05ECDCA2-9D2A-43A6-8DAE-7A240C53346A}.Debug|x86.ActiveCfg = Debug|x86
		{05ECDCA2-9D2A-43A6-8DAE-7A240C53346A}.Debug|x86.Build.0 = Debug|x86
		{05ECDCA2-9D2A-43A6-8DAE-7A240C53346A}.Release|Any CPU.ActiveCfg = Release|x86
		{05ECDCA2-9D2A-43A6-8DAE-7A240C53346A}.Release|Mixed Platforms.ActiveCfg = Release|x86
		{05ECDCA2-9D2A-43A6-8DAE-7A240C53346A}.Release|Mixed Platforms.Build.0 = Release|x86
		{05ECDCA2-9D2A-43A6-8DAE-7A240C53346A}.Release|x86.ActiveCfg = Release|x86
		{05ECDCA2-9D2A-43A6-8DAE-7A240C53346A}.Release|x86.Build.0 = Release|x86
		{F22823D6-D5BA-4875-9E7D-34E55ADB459B}.Debug|Any CPU.ActiveCfg = Debug|x86
		{F22823D6-D5BA-4875-9E7D-34E55ADB459B}.Debug|Mixed Platforms.ActiveCfg = Debug|x86
		{F22823D6-D5BA-4875-9E7D-34E55ADB459B}.Debug|Mixed Platforms.Build.0 = Debug|x86
		{F22823D6-D5BA-4875-9E7D-34E55ADB459B}.Debug|x86.ActiveCfg = Debug|x86
		{F22823D6-D5BA-4875-9E7D-34E55ADB459B}.Debug|x86.Build.0 = Debug|x86
		{F22823D6-D5BA-4875-9E7D-34E55ADB459B}.Release|Any CPU.ActiveCfg = Release|x86
		{F22823D6-D5BA-4875-9E7D-34E55ADB459B}.Release|Mixed Platforms.ActiveCfg = Release|x86
		{F22823D6-D5BA-4875-9E7D-34E55ADB459B}.Release|Mixed Platforms.Build.0 = Release|x86
		{F22823D6-D5BA-4875-9E7D-34E55ADB459B}.Release|x86.ActiveCfg = Release|x86
		{F22823D6-D5BA-4875-9E7D-34E55ADB459B}.Release|x86.Build.0 = Release|x86
		{C4613784-944B-47E3-8DAB-53AD9AD1E6BB}.Debug|Any CPU.ActiveCfg = Debug|Any CPU
		{C4613784-944B-47E3-8DAB-53AD9AD1E6BB}.Debug|Any CPU.Build.0 = Debug|Any CPU
		{C4613784-944B-47E3-8DAB-53AD9AD1E6BB}.Debug|Mixed Platforms.ActiveCfg = Debug|Any CPU
		{C4613784-944B-47E3-8DAB-53AD9AD1E6BB}.Debug|Mixed Platforms.Build.0 = Debug|Any CPU
		{C4613784-944B-47E3-8DAB-53AD9AD1E6BB}.Debug|x86.ActiveCfg = Debug|Any CPU
		{C4613784-944B-47E3-8DAB-53AD9AD1E6BB}.Release|Any CPU.ActiveCfg = Release|Any CPU
		{C4613784-944B-47E3-8DAB-53AD9AD1E6BB}.Release|Any CPU.Build.0 = Release|Any CPU
		{C4613784-944B-47E3-8DAB-53AD9AD1E6BB}.Release|Mixed Platforms.ActiveCfg = Release|Any CPU
		{C4613784-944B-47E3-8DAB-53AD9AD1E6BB}.Release|Mixed Platforms.Build.0 = Release|Any CPU
		{C4613784-944B-47E3-8DAB-53AD9AD1E6BB}.Release|x86.ActiveCfg = Release|Any CPU
		{118F573E-3DB1-4949-9841-B7A5F42923C4}.Debug|Any CPU.ActiveCfg = Debug|Any CPU
		{118F573E-3DB1-4949-9841-B7A5F42923C4}.Debug|Any CPU.Build.0 = Debug|Any CPU
		{118F573E-3DB1-4949-9841-B7A5F42923C4}.Debug|Mixed Platforms.ActiveCfg = Debug|Any CPU
		{118F573E-3DB1-4949-9841-B7A5F42923C4}.Debug|Mixed Platforms.Build.0 = Debug|Any CPU
		{118F573E-3DB1-4949-9841-B7A5F42923C4}.Debug|x86.ActiveCfg = Debug|Any CPU
		{118F573E-3DB1-4949-9841-B7A5F42923C4}.Release|Any CPU.ActiveCfg = Release|Any CPU
		{118F573E-3DB1-4949-9841-B7A5F42923C4}.Release|Any CPU.Build.0 = Release|Any CPU
		{118F573E-3DB1-4949-9841-B7A5F42923C4}.Release|Mixed Platforms.ActiveCfg = Release|Any CPU
		{118F573E-3DB1-4949-9841-B7A5F42923C4}.Release|Mixed Platforms.Build.0 = Release|Any CPU
		{118F573E-3DB1-4949-9841-B7A5F42923C4}.Release|x86.ActiveCfg = Release|Any CPU
		{464E78AA-0EDF-4434-9726-9BBA7DB54657}.Debug|Any CPU.ActiveCfg = Debug|x86
		{464E78AA-0EDF-4434-9726-9BBA7DB54657}.Debug|Mixed Platforms.ActiveCfg = Debug|x86
		{464E78AA-0EDF-4434-9726-9BBA7DB54657}.Debug|Mixed Platforms.Build.0 = Debug|x86
		{464E78AA-0EDF-4434-9726-9BBA7DB54657}.Debug|x86.ActiveCfg = Debug|x86
		{464E78AA-0EDF-4434-9726-9BBA7DB54657}.Debug|x86.Build.0 = Debug|x86
		{464E78AA-0EDF-4434-9726-9BBA7DB54657}.Release|Any CPU.ActiveCfg = Release|x86
		{464E78AA-0EDF-4434-9726-9BBA7DB54657}.Release|Mixed Platforms.ActiveCfg = Release|x86
		{464E78AA-0EDF-4434-9726-9BBA7DB54657}.Release|Mixed Platforms.Build.0 = Release|x86
		{464E78AA-0EDF-4434-9726-9BBA7DB54657}.Release|x86.ActiveCfg = Release|x86
		{464E78AA-0EDF-4434-9726-9BBA7DB54657}.Release|x86.Build.0 = Release|x86
	EndGlobalSection
	GlobalSection(SolutionProperties) = preSolution
		HideSolutionNode = FALSE
	EndGlobalSection
	GlobalSection(NestedProjects) = preSolution
		{05ECDCA2-9D2A-43A6-8DAE-7A240C53346A} = {18381CD0-4A87-4D54-AEA1-4054DAA40D71}
		{F22823D6-D5BA-4875-9E7D-34E55ADB459B} = {18381CD0-4A87-4D54-AEA1-4054DAA40D71}
		{C4613784-944B-47E3-8DAB-53AD9AD1E6BB} = {18381CD0-4A87-4D54-AEA1-4054DAA40D71}
		{007AF927-CE5D-4723-8C18-FABE1E1DB5E5} = {18381CD0-4A87-4D54-AEA1-4054DAA40D71}
		{118F573E-3DB1-4949-9841-B7A5F42923C4} = {007AF927-CE5D-4723-8C18-FABE1E1DB5E5}
		{464E78AA-0EDF-4434-9726-9BBA7DB54657} = {CA9A4993-76AA-4D17-9469-052256B403EA}
	EndGlobalSection
EndGlobal
