
Microsoft Visual Studio Solution File, Format Version 11.00
# Visual Studio 2010
Project("{2150E333-8FDC-42A3-9474-1A3956D46DE8}") = "Solution Items", "Solution Items", "{37452F2B-E43B-4A39-9956-E3FB17DA2042}"
	ProjectSection(SolutionItems) = preProject
		..\scripts\build.proj = ..\scripts\build.proj
	EndProjectSection
EndProject
Project("{FAE04EC0-301F-11D3-BF4B-00C04F79EFBC}") = "Rebus", "Rebus\Rebus.csproj", "{F57A06FA-F471-49C8-A92D-85D5A27055C4}"
EndProject
Project("{FAE04EC0-301F-11D3-BF4B-00C04F79EFBC}") = "Rebus.Tests", "Rebus.Tests\Rebus.Tests.csproj", "{99E6EE07-202E-49B2-9B2C-8441AE876467}"
EndProject
Global
	GlobalSection(SolutionConfigurationPlatforms) = preSolution
		Debug|Any CPU = Debug|Any CPU
		Release|Any CPU = Release|Any CPU
	EndGlobalSection
	GlobalSection(ProjectConfigurationPlatforms) = postSolution
		{F57A06FA-F471-49C8-A92D-85D5A27055C4}.Debug|Any CPU.ActiveCfg = Debug|Any CPU
		{F57A06FA-F471-49C8-A92D-85D5A27055C4}.Debug|Any CPU.Build.0 = Debug|Any CPU
		{F57A06FA-F471-49C8-A92D-85D5A27055C4}.Release|Any CPU.ActiveCfg = Release|Any CPU
		{F57A06FA-F471-49C8-A92D-85D5A27055C4}.Release|Any CPU.Build.0 = Release|Any CPU
		{99E6EE07-202E-49B2-9B2C-8441AE876467}.Debug|Any CPU.ActiveCfg = Debug|Any CPU
		{99E6EE07-202E-49B2-9B2C-8441AE876467}.Debug|Any CPU.Build.0 = Debug|Any CPU
		{99E6EE07-202E-49B2-9B2C-8441AE876467}.Release|Any CPU.ActiveCfg = Release|Any CPU
		{99E6EE07-202E-49B2-9B2C-8441AE876467}.Release|Any CPU.Build.0 = Release|Any CPU
	EndGlobalSection
	GlobalSection(SolutionProperties) = preSolution
		HideSolutionNode = FALSE
	EndGlobalSection
EndGlobal
