
Microsoft Visual Studio Solution File, Format Version 11.00
# Visual Studio 2010
Project("{2150E333-8FDC-42A3-9474-1A3956D46DE8}") = "build", "build", "{37452F2B-E43B-4A39-9956-E3FB17DA2042}"
	ProjectSection(SolutionItems) = preProject
		..\scripts\build.proj = ..\scripts\build.proj
		..\scripts\create_table_sagas.sql = ..\scripts\create_table_sagas.sql
		..\scripts\create_table_subscriptions.sql = ..\scripts\create_table_subscriptions.sql
		..\scripts\create_table_timeouts.sql = ..\scripts\create_table_timeouts.sql
		..\scripts\Rebus.Castle.Windsor.nuspec = ..\scripts\Rebus.Castle.Windsor.nuspec
		..\scripts\Rebus.Log4Net.nuspec = ..\scripts\Rebus.Log4Net.nuspec
		..\scripts\Rebus.MongoDb.nuspec = ..\scripts\Rebus.MongoDb.nuspec
		..\scripts\Rebus.nuspec = ..\scripts\Rebus.nuspec
	EndProjectSection
EndProject
Project("{FAE04EC0-301F-11D3-BF4B-00C04F79EFBC}") = "Rebus", "Rebus\Rebus.csproj", "{F57A06FA-F471-49C8-A92D-85D5A27055C4}"
EndProject
Project("{FAE04EC0-301F-11D3-BF4B-00C04F79EFBC}") = "Rebus.Tests", "Rebus.Tests\Rebus.Tests.csproj", "{99E6EE07-202E-49B2-9B2C-8441AE876467}"
EndProject
Project("{FAE04EC0-301F-11D3-BF4B-00C04F79EFBC}") = "Sample.Client", "Sample.Client\Sample.Client.csproj", "{E0D1CCD6-08E1-4BF4-BBC5-B87EBE89DEE2}"
EndProject
Project("{FAE04EC0-301F-11D3-BF4B-00C04F79EFBC}") = "Sample.Server", "Sample.Server\Sample.Server.csproj", "{A2480922-0223-4B3D-99F0-2523512D5913}"
EndProject
Project("{2150E333-8FDC-42A3-9474-1A3956D46DE8}") = "samples", "samples", "{08A7D597-5B08-4B2B-9DB1-8C0A11D82763}"
EndProject
Project("{FAE04EC0-301F-11D3-BF4B-00C04F79EFBC}") = "Sample.Server.Messages", "Sample.Server.Messages\Sample.Server.Messages.csproj", "{E27AC8E3-9588-4CCA-AC44-4CB671D41011}"
EndProject
Project("{2150E333-8FDC-42A3-9474-1A3956D46DE8}") = "integration", "integration", "{CDBB385F-F696-4B45-9E87-5A0A3C28F633}"
EndProject
Project("{2150E333-8FDC-42A3-9474-1A3956D46DE8}") = "docs", "docs", "{B09980FB-B791-44BA-94F9-7B8B6D9085BE}"
	ProjectSection(SolutionItems) = preProject
		..\README.md = ..\README.md
	EndProjectSection
EndProject
Project("{FAE04EC0-301F-11D3-BF4B-00C04F79EFBC}") = "Rebus.MongoDb", "Rebus.MongoDb\Rebus.MongoDb.csproj", "{81686CC0-5387-4990-AF61-00CDAA972B81}"
EndProject
Project("{2150E333-8FDC-42A3-9474-1A3956D46DE8}") = "client-server", "client-server", "{DF9BC662-7AD8-4656-91D2-C568451FF7B6}"
EndProject
Project("{FAE04EC0-301F-11D3-BF4B-00C04F79EFBC}") = "Rebus.Log4Net", "Rebus.Log4net\Rebus.Log4Net.csproj", "{2AFAE434-5CD2-494E-8341-005CD637FE2D}"
EndProject
Project("{FAE04EC0-301F-11D3-BF4B-00C04F79EFBC}") = "Rebus.Transports.Azure", "Rebus.Transports.Azure\Rebus.Transports.Azure.csproj", "{A56BFC05-A8B5-4ABA-BA3F-90BD30C13E1A}"
EndProject
Project("{2150E333-8FDC-42A3-9474-1A3956D46DE8}") = "services", "services", "{35C585ED-8CB0-48D1-83FC-375548298233}"
EndProject
Project("{FAE04EC0-301F-11D3-BF4B-00C04F79EFBC}") = "Rebus.Timeout", "Rebus.Timeout\Rebus.Timeout.csproj", "{C60AE485-707F-4BA1-AB17-4FF6ED1FD1B8}"
EndProject
Project("{FAE04EC0-301F-11D3-BF4B-00C04F79EFBC}") = "Rebus.Transports.Rabbit", "Rebus.Transports.Rabbit\Rebus.Transports.Rabbit.csproj", "{5836C347-90FC-4628-B4A1-16926B6CA781}"
EndProject
Project("{FAE04EC0-301F-11D3-BF4B-00C04F79EFBC}") = "Rebus.Castle.Windsor", "Rebus.Castle.Windsor\Rebus.Castle.Windsor.csproj", "{2178D256-94D6-4443-B23B-53F723184441}"
EndProject
Global
	GlobalSection(SolutionConfigurationPlatforms) = preSolution
		Debug|Any CPU = Debug|Any CPU
		Debug|Mixed Platforms = Debug|Mixed Platforms
		Debug|x86 = Debug|x86
		Release|Any CPU = Release|Any CPU
		Release|Mixed Platforms = Release|Mixed Platforms
		Release|x86 = Release|x86
	EndGlobalSection
	GlobalSection(ProjectConfigurationPlatforms) = postSolution
		{F57A06FA-F471-49C8-A92D-85D5A27055C4}.Debug|Any CPU.ActiveCfg = Debug|Any CPU
		{F57A06FA-F471-49C8-A92D-85D5A27055C4}.Debug|Any CPU.Build.0 = Debug|Any CPU
		{F57A06FA-F471-49C8-A92D-85D5A27055C4}.Debug|Mixed Platforms.ActiveCfg = Debug|Any CPU
		{F57A06FA-F471-49C8-A92D-85D5A27055C4}.Debug|Mixed Platforms.Build.0 = Debug|Any CPU
		{F57A06FA-F471-49C8-A92D-85D5A27055C4}.Debug|x86.ActiveCfg = Debug|Any CPU
		{F57A06FA-F471-49C8-A92D-85D5A27055C4}.Release|Any CPU.ActiveCfg = Release|Any CPU
		{F57A06FA-F471-49C8-A92D-85D5A27055C4}.Release|Any CPU.Build.0 = Release|Any CPU
		{F57A06FA-F471-49C8-A92D-85D5A27055C4}.Release|Mixed Platforms.ActiveCfg = Release|Any CPU
		{F57A06FA-F471-49C8-A92D-85D5A27055C4}.Release|Mixed Platforms.Build.0 = Release|Any CPU
		{F57A06FA-F471-49C8-A92D-85D5A27055C4}.Release|x86.ActiveCfg = Release|Any CPU
		{99E6EE07-202E-49B2-9B2C-8441AE876467}.Debug|Any CPU.ActiveCfg = Debug|Any CPU
		{99E6EE07-202E-49B2-9B2C-8441AE876467}.Debug|Any CPU.Build.0 = Debug|Any CPU
		{99E6EE07-202E-49B2-9B2C-8441AE876467}.Debug|Mixed Platforms.ActiveCfg = Debug|Any CPU
		{99E6EE07-202E-49B2-9B2C-8441AE876467}.Debug|Mixed Platforms.Build.0 = Debug|Any CPU
		{99E6EE07-202E-49B2-9B2C-8441AE876467}.Debug|x86.ActiveCfg = Debug|Any CPU
		{99E6EE07-202E-49B2-9B2C-8441AE876467}.Release|Any CPU.ActiveCfg = Release|Any CPU
		{99E6EE07-202E-49B2-9B2C-8441AE876467}.Release|Any CPU.Build.0 = Release|Any CPU
		{99E6EE07-202E-49B2-9B2C-8441AE876467}.Release|Mixed Platforms.ActiveCfg = Release|Any CPU
		{99E6EE07-202E-49B2-9B2C-8441AE876467}.Release|Mixed Platforms.Build.0 = Release|Any CPU
		{99E6EE07-202E-49B2-9B2C-8441AE876467}.Release|x86.ActiveCfg = Release|Any CPU
		{E0D1CCD6-08E1-4BF4-BBC5-B87EBE89DEE2}.Debug|Any CPU.ActiveCfg = Debug|x86
		{E0D1CCD6-08E1-4BF4-BBC5-B87EBE89DEE2}.Debug|Mixed Platforms.ActiveCfg = Debug|x86
		{E0D1CCD6-08E1-4BF4-BBC5-B87EBE89DEE2}.Debug|Mixed Platforms.Build.0 = Debug|x86
		{E0D1CCD6-08E1-4BF4-BBC5-B87EBE89DEE2}.Debug|x86.ActiveCfg = Debug|x86
		{E0D1CCD6-08E1-4BF4-BBC5-B87EBE89DEE2}.Debug|x86.Build.0 = Debug|x86
		{E0D1CCD6-08E1-4BF4-BBC5-B87EBE89DEE2}.Release|Any CPU.ActiveCfg = Release|x86
		{E0D1CCD6-08E1-4BF4-BBC5-B87EBE89DEE2}.Release|Mixed Platforms.ActiveCfg = Release|x86
		{E0D1CCD6-08E1-4BF4-BBC5-B87EBE89DEE2}.Release|Mixed Platforms.Build.0 = Release|x86
		{E0D1CCD6-08E1-4BF4-BBC5-B87EBE89DEE2}.Release|x86.ActiveCfg = Release|x86
		{E0D1CCD6-08E1-4BF4-BBC5-B87EBE89DEE2}.Release|x86.Build.0 = Release|x86
		{A2480922-0223-4B3D-99F0-2523512D5913}.Debug|Any CPU.ActiveCfg = Debug|x86
		{A2480922-0223-4B3D-99F0-2523512D5913}.Debug|Mixed Platforms.ActiveCfg = Debug|x86
		{A2480922-0223-4B3D-99F0-2523512D5913}.Debug|Mixed Platforms.Build.0 = Debug|x86
		{A2480922-0223-4B3D-99F0-2523512D5913}.Debug|x86.ActiveCfg = Debug|x86
		{A2480922-0223-4B3D-99F0-2523512D5913}.Debug|x86.Build.0 = Debug|x86
		{A2480922-0223-4B3D-99F0-2523512D5913}.Release|Any CPU.ActiveCfg = Release|x86
		{A2480922-0223-4B3D-99F0-2523512D5913}.Release|Mixed Platforms.ActiveCfg = Release|x86
		{A2480922-0223-4B3D-99F0-2523512D5913}.Release|Mixed Platforms.Build.0 = Release|x86
		{A2480922-0223-4B3D-99F0-2523512D5913}.Release|x86.ActiveCfg = Release|x86
		{A2480922-0223-4B3D-99F0-2523512D5913}.Release|x86.Build.0 = Release|x86
		{E27AC8E3-9588-4CCA-AC44-4CB671D41011}.Debug|Any CPU.ActiveCfg = Debug|Any CPU
		{E27AC8E3-9588-4CCA-AC44-4CB671D41011}.Debug|Any CPU.Build.0 = Debug|Any CPU
		{E27AC8E3-9588-4CCA-AC44-4CB671D41011}.Debug|Mixed Platforms.ActiveCfg = Debug|Any CPU
		{E27AC8E3-9588-4CCA-AC44-4CB671D41011}.Debug|Mixed Platforms.Build.0 = Debug|Any CPU
		{E27AC8E3-9588-4CCA-AC44-4CB671D41011}.Debug|x86.ActiveCfg = Debug|Any CPU
		{E27AC8E3-9588-4CCA-AC44-4CB671D41011}.Release|Any CPU.ActiveCfg = Release|Any CPU
		{E27AC8E3-9588-4CCA-AC44-4CB671D41011}.Release|Any CPU.Build.0 = Release|Any CPU
		{E27AC8E3-9588-4CCA-AC44-4CB671D41011}.Release|Mixed Platforms.ActiveCfg = Release|Any CPU
		{E27AC8E3-9588-4CCA-AC44-4CB671D41011}.Release|Mixed Platforms.Build.0 = Release|Any CPU
		{E27AC8E3-9588-4CCA-AC44-4CB671D41011}.Release|x86.ActiveCfg = Release|Any CPU
		{81686CC0-5387-4990-AF61-00CDAA972B81}.Debug|Any CPU.ActiveCfg = Debug|Any CPU
		{81686CC0-5387-4990-AF61-00CDAA972B81}.Debug|Any CPU.Build.0 = Debug|Any CPU
		{81686CC0-5387-4990-AF61-00CDAA972B81}.Debug|Mixed Platforms.ActiveCfg = Debug|Any CPU
		{81686CC0-5387-4990-AF61-00CDAA972B81}.Debug|Mixed Platforms.Build.0 = Debug|Any CPU
		{81686CC0-5387-4990-AF61-00CDAA972B81}.Debug|x86.ActiveCfg = Debug|Any CPU
		{81686CC0-5387-4990-AF61-00CDAA972B81}.Release|Any CPU.ActiveCfg = Release|Any CPU
		{81686CC0-5387-4990-AF61-00CDAA972B81}.Release|Any CPU.Build.0 = Release|Any CPU
		{81686CC0-5387-4990-AF61-00CDAA972B81}.Release|Mixed Platforms.ActiveCfg = Release|Any CPU
		{81686CC0-5387-4990-AF61-00CDAA972B81}.Release|Mixed Platforms.Build.0 = Release|Any CPU
		{81686CC0-5387-4990-AF61-00CDAA972B81}.Release|x86.ActiveCfg = Release|Any CPU
		{2AFAE434-5CD2-494E-8341-005CD637FE2D}.Debug|Any CPU.ActiveCfg = Debug|Any CPU
		{2AFAE434-5CD2-494E-8341-005CD637FE2D}.Debug|Any CPU.Build.0 = Debug|Any CPU
		{2AFAE434-5CD2-494E-8341-005CD637FE2D}.Debug|Mixed Platforms.ActiveCfg = Debug|Any CPU
		{2AFAE434-5CD2-494E-8341-005CD637FE2D}.Debug|Mixed Platforms.Build.0 = Debug|Any CPU
		{2AFAE434-5CD2-494E-8341-005CD637FE2D}.Debug|x86.ActiveCfg = Debug|Any CPU
		{2AFAE434-5CD2-494E-8341-005CD637FE2D}.Release|Any CPU.ActiveCfg = Release|Any CPU
		{2AFAE434-5CD2-494E-8341-005CD637FE2D}.Release|Any CPU.Build.0 = Release|Any CPU
		{2AFAE434-5CD2-494E-8341-005CD637FE2D}.Release|Mixed Platforms.ActiveCfg = Release|Any CPU
		{2AFAE434-5CD2-494E-8341-005CD637FE2D}.Release|Mixed Platforms.Build.0 = Release|Any CPU
		{2AFAE434-5CD2-494E-8341-005CD637FE2D}.Release|x86.ActiveCfg = Release|Any CPU
		{A56BFC05-A8B5-4ABA-BA3F-90BD30C13E1A}.Debug|Any CPU.ActiveCfg = Debug|Any CPU
		{A56BFC05-A8B5-4ABA-BA3F-90BD30C13E1A}.Debug|Any CPU.Build.0 = Debug|Any CPU
		{A56BFC05-A8B5-4ABA-BA3F-90BD30C13E1A}.Debug|Mixed Platforms.ActiveCfg = Debug|Any CPU
		{A56BFC05-A8B5-4ABA-BA3F-90BD30C13E1A}.Debug|Mixed Platforms.Build.0 = Debug|Any CPU
		{A56BFC05-A8B5-4ABA-BA3F-90BD30C13E1A}.Debug|x86.ActiveCfg = Debug|Any CPU
		{A56BFC05-A8B5-4ABA-BA3F-90BD30C13E1A}.Release|Any CPU.ActiveCfg = Release|Any CPU
		{A56BFC05-A8B5-4ABA-BA3F-90BD30C13E1A}.Release|Any CPU.Build.0 = Release|Any CPU
		{A56BFC05-A8B5-4ABA-BA3F-90BD30C13E1A}.Release|Mixed Platforms.ActiveCfg = Release|Any CPU
		{A56BFC05-A8B5-4ABA-BA3F-90BD30C13E1A}.Release|Mixed Platforms.Build.0 = Release|Any CPU
		{A56BFC05-A8B5-4ABA-BA3F-90BD30C13E1A}.Release|x86.ActiveCfg = Release|Any CPU
		{C60AE485-707F-4BA1-AB17-4FF6ED1FD1B8}.Debug|Any CPU.ActiveCfg = Debug|x86
		{C60AE485-707F-4BA1-AB17-4FF6ED1FD1B8}.Debug|Mixed Platforms.ActiveCfg = Debug|x86
		{C60AE485-707F-4BA1-AB17-4FF6ED1FD1B8}.Debug|Mixed Platforms.Build.0 = Debug|x86
		{C60AE485-707F-4BA1-AB17-4FF6ED1FD1B8}.Debug|x86.ActiveCfg = Debug|x86
		{C60AE485-707F-4BA1-AB17-4FF6ED1FD1B8}.Debug|x86.Build.0 = Debug|x86
		{C60AE485-707F-4BA1-AB17-4FF6ED1FD1B8}.Release|Any CPU.ActiveCfg = Release|x86
		{C60AE485-707F-4BA1-AB17-4FF6ED1FD1B8}.Release|Mixed Platforms.ActiveCfg = Release|x86
		{C60AE485-707F-4BA1-AB17-4FF6ED1FD1B8}.Release|Mixed Platforms.Build.0 = Release|x86
		{C60AE485-707F-4BA1-AB17-4FF6ED1FD1B8}.Release|x86.ActiveCfg = Release|x86
		{C60AE485-707F-4BA1-AB17-4FF6ED1FD1B8}.Release|x86.Build.0 = Release|x86
		{5836C347-90FC-4628-B4A1-16926B6CA781}.Debug|Any CPU.ActiveCfg = Debug|Any CPU
		{5836C347-90FC-4628-B4A1-16926B6CA781}.Debug|Any CPU.Build.0 = Debug|Any CPU
		{5836C347-90FC-4628-B4A1-16926B6CA781}.Debug|Mixed Platforms.ActiveCfg = Debug|Any CPU
		{5836C347-90FC-4628-B4A1-16926B6CA781}.Debug|Mixed Platforms.Build.0 = Debug|Any CPU
		{5836C347-90FC-4628-B4A1-16926B6CA781}.Debug|x86.ActiveCfg = Debug|Any CPU
		{5836C347-90FC-4628-B4A1-16926B6CA781}.Release|Any CPU.ActiveCfg = Release|Any CPU
		{5836C347-90FC-4628-B4A1-16926B6CA781}.Release|Any CPU.Build.0 = Release|Any CPU
		{5836C347-90FC-4628-B4A1-16926B6CA781}.Release|Mixed Platforms.ActiveCfg = Release|Any CPU
		{5836C347-90FC-4628-B4A1-16926B6CA781}.Release|Mixed Platforms.Build.0 = Release|Any CPU
		{5836C347-90FC-4628-B4A1-16926B6CA781}.Release|x86.ActiveCfg = Release|Any CPU
		{2178D256-94D6-4443-B23B-53F723184441}.Debug|Any CPU.ActiveCfg = Debug|Any CPU
		{2178D256-94D6-4443-B23B-53F723184441}.Debug|Any CPU.Build.0 = Debug|Any CPU
		{2178D256-94D6-4443-B23B-53F723184441}.Debug|Mixed Platforms.ActiveCfg = Debug|Any CPU
		{2178D256-94D6-4443-B23B-53F723184441}.Debug|Mixed Platforms.Build.0 = Debug|Any CPU
		{2178D256-94D6-4443-B23B-53F723184441}.Debug|x86.ActiveCfg = Debug|Any CPU
		{2178D256-94D6-4443-B23B-53F723184441}.Release|Any CPU.ActiveCfg = Release|Any CPU
		{2178D256-94D6-4443-B23B-53F723184441}.Release|Any CPU.Build.0 = Release|Any CPU
		{2178D256-94D6-4443-B23B-53F723184441}.Release|Mixed Platforms.ActiveCfg = Release|Any CPU
		{2178D256-94D6-4443-B23B-53F723184441}.Release|Mixed Platforms.Build.0 = Release|Any CPU
		{2178D256-94D6-4443-B23B-53F723184441}.Release|x86.ActiveCfg = Release|Any CPU
	EndGlobalSection
	GlobalSection(SolutionProperties) = preSolution
		HideSolutionNode = FALSE
	EndGlobalSection
	GlobalSection(NestedProjects) = preSolution
		{DF9BC662-7AD8-4656-91D2-C568451FF7B6} = {08A7D597-5B08-4B2B-9DB1-8C0A11D82763}
		{E0D1CCD6-08E1-4BF4-BBC5-B87EBE89DEE2} = {DF9BC662-7AD8-4656-91D2-C568451FF7B6}
		{E27AC8E3-9588-4CCA-AC44-4CB671D41011} = {DF9BC662-7AD8-4656-91D2-C568451FF7B6}
		{A2480922-0223-4B3D-99F0-2523512D5913} = {DF9BC662-7AD8-4656-91D2-C568451FF7B6}
		{81686CC0-5387-4990-AF61-00CDAA972B81} = {CDBB385F-F696-4B45-9E87-5A0A3C28F633}
		{2AFAE434-5CD2-494E-8341-005CD637FE2D} = {CDBB385F-F696-4B45-9E87-5A0A3C28F633}
		{A56BFC05-A8B5-4ABA-BA3F-90BD30C13E1A} = {CDBB385F-F696-4B45-9E87-5A0A3C28F633}
		{5836C347-90FC-4628-B4A1-16926B6CA781} = {CDBB385F-F696-4B45-9E87-5A0A3C28F633}
		{2178D256-94D6-4443-B23B-53F723184441} = {CDBB385F-F696-4B45-9E87-5A0A3C28F633}
		{C60AE485-707F-4BA1-AB17-4FF6ED1FD1B8} = {35C585ED-8CB0-48D1-83FC-375548298233}
	EndGlobalSection
EndGlobal
